// !$*UTF8*$!
{
	archiveVersion = 1;
	classes = {
	};
	objectVersion = 50;
	objects = {

/* Begin PBXBuildFile section */
		4C63B5D43BB08DD384738209EAAA7E12 /* AppDelegate.swift in Sources */ = {isa = PBXBuildFile; fileRef = 1E9647D1FCF5BDD3743B10D2C8EC346B /* AppDelegate.swift */; };
		8CA49292D143F4E877A6565444DE301D /* Assets.xcassets in Resources */ = {isa = PBXBuildFile; fileRef = D1DC659329138F96CCF21410B14D7451 /* Assets.xcassets */; };
		78704E33FC95DA94077CEF7BB1F3CC73 /* LaunchScreen.storyboard in Resources */ = {isa = PBXBuildFile; fileRef = 015FB005C4EE36EC2D21DC0AE53D6183 /* LaunchScreen.storyboard */; };
		E3C761CF0B6007F461B5C09F2FBD4F5B /* Main.storyboard in Resources */ = {isa = PBXBuildFile; fileRef = DE820205836EA5A463CBD8C4728918AB /* Main.storyboard */; };
		BE2D9EECBE6A16C5B38AE93E631945C4 /* SceneDelegate.swift in Sources */ = {isa = PBXBuildFile; fileRef = DF46B1EC51DF313AB0251C27B2AA4ECC /* SceneDelegate.swift */; };
		B2ED85BC991B6AC2E0809FF4161F6EAE /* ViewController.swift in Sources */ = {isa = PBXBuildFile; fileRef = BEAD7CF892CF291DEC40CF0C13C18261 /* ViewController.swift */; };
/* End PBXBuildFile section */

/* Begin PBXFileReference section */
		1E9647D1FCF5BDD3743B10D2C8EC346B /* AppDelegate.swift */ = {isa = PBXFileReference; lastKnownFileType = sourcecode.swift; path = AppDelegate.swift; sourceTree = "<group>"; };
		D1DC659329138F96CCF21410B14D7451 /* Assets.xcassets */ = {isa = PBXFileReference; lastKnownFileType = folder.assetcatalog; path = Assets.xcassets; sourceTree = "<group>"; };
		B2BEBB77E28158A51608A3387E42C7B2 /* Base */ = {isa = PBXFileReference; lastKnownFileType = file.storyboard; name = Base; path = Base.lproj/Main.storyboard; sourceTree = "<group>"; };
		105485AA152C026EF58E6FAA1B74ED59 /* Base */ = {isa = PBXFileReference; lastKnownFileType = file.storyboard; name = Base; path = Base.lproj/LaunchScreen.storyboard; sourceTree = "<group>"; };
		4F10D5BC3F403CD6FF0CD48F3152AA80 /* Bookable.app */ = {isa = PBXFileReference; explicitFileType = wrapper.application; includeInIndex = 0; path = Bookable.app; sourceTree = BUILT_PRODUCTS_DIR; };
		83FAA758FFA4786FB42E418871453593 /* Info.plist */ = {isa = PBXFileReference; lastKnownFileType = text.plist.xml; path = Info.plist; sourceTree = "<group>"; };
		DF46B1EC51DF313AB0251C27B2AA4ECC /* SceneDelegate.swift */ = {isa = PBXFileReference; lastKnownFileType = sourcecode.swift; path = SceneDelegate.swift; sourceTree = "<group>"; };
		BEAD7CF892CF291DEC40CF0C13C18261 /* ViewController.swift */ = {isa = PBXFileReference; lastKnownFileType = sourcecode.swift; path = ViewController.swift; sourceTree = "<group>"; };
/* End PBXFileReference section */

/* Begin PBXFrameworksBuildPhase section */
		90BE527412E985D49EF46B84B733C170 /* Frameworks */ = {
			isa = PBXFrameworksBuildPhase;
			buildActionMask = 2147483647;
			files = (
			);
			runOnlyForDeploymentPostprocessing = 0;
		};
/* End PBXFrameworksBuildPhase section */

/* Begin PBXGroup section */
		F58E5D923188B6D861327B5A04ABA3E1 = {
			isa = PBXGroup;
			children = (
				ACFC5DCD05E879114005B416568E5AAA /* Bookable */,
				A7AA2E7A61A35A248D52FE58EB4D010B /* Products */,
			);
			sourceTree = "<group>";
		};
		A7AA2E7A61A35A248D52FE58EB4D010B /* Products */ = {
			isa = PBXGroup;
			children = (
				4F10D5BC3F403CD6FF0CD48F3152AA80 /* Bookable.app */,
			);
			name = Products;
			sourceTree = "<group>";
		};
		ACFC5DCD05E879114005B416568E5AAA /* Bookable */ = {
			isa = PBXGroup;
			children = (
				1E9647D1FCF5BDD3743B10D2C8EC346B /* AppDelegate.swift */,
				D1DC659329138F96CCF21410B14D7451 /* Assets.xcassets */,
				83FAA758FFA4786FB42E418871453593 /* Info.plist */,
				015FB005C4EE36EC2D21DC0AE53D6183 /* LaunchScreen.storyboard */,
				DE820205836EA5A463CBD8C4728918AB /* Main.storyboard */,
				DF46B1EC51DF313AB0251C27B2AA4ECC /* SceneDelegate.swift */,
				BEAD7CF892CF291DEC40CF0C13C18261 /* ViewController.swift */,
			);
			path = Bookable;
			sourceTree = "<group>";
		};
/* End PBXGroup section */

/* Begin PBXNativeTarget section */
		A618BA96715C95452CB0C03E96ACBD39 /* Bookable */ = {
			isa = PBXNativeTarget;
			buildConfigurationList = EB8B013FE69864322723970F45C1752D /* Build configuration list for PBXNativeTarget "Bookable" */;
			buildPhases = (
				5AAFAA58FC4B5042A8B5099E04A40925 /* Sources */,
				90BE527412E985D49EF46B84B733C170 /* Frameworks */,
				FA2B981A8761DE332A087A53632B2EE2 /* Resources */,
			);
			buildRules = (
			);
			dependencies = (
			);
			name = Bookable;
			productName = Bookable;
			productReference = 4F10D5BC3F403CD6FF0CD48F3152AA80 /* Bookable.app */;
			productType = "com.apple.product-type.application";
		};
/* End PBXNativeTarget section */

/* Begin PBXProject section */
		62EDEF1693BBE9C51714B4204E6229E0 /* Project object */ = {
			isa = PBXProject;
			attributes = {
				LastSwiftUpdateCheck = 1130;
				LastUpgradeCheck = 1130;
				ORGANIZATIONNAME = "Henry Chukwu";
				TargetAttributes = {
					A618BA96715C95452CB0C03E96ACBD39 = {
						CreatedOnToolsVersion = 11.3.1;
					};
				};
			};
			buildConfigurationList = BD00D73121295F5E211B39F5F073A532 /* Build configuration list for PBXProject "Bookable" */;
			compatibilityVersion = "Xcode 9.3";
			developmentRegion = en;
			hasScannedForEncodings = 0;
			knownRegions = (
				en,
				Base,
			);
			mainGroup = F58E5D923188B6D861327B5A04ABA3E1;
			productRefGroup = A7AA2E7A61A35A248D52FE58EB4D010B /* Products */;
			projectDirPath = "";
			projectRoot = "";
			targets = (
				A618BA96715C95452CB0C03E96ACBD39 /* Bookable */,
			);
		};
/* End PBXProject section */

/* Begin PBXResourcesBuildPhase section */
		FA2B981A8761DE332A087A53632B2EE2 /* Resources */ = {
			isa = PBXResourcesBuildPhase;
			buildActionMask = 2147483647;
			files = (
				8CA49292D143F4E877A6565444DE301D /* Assets.xcassets in Resources */,
				78704E33FC95DA94077CEF7BB1F3CC73 /* LaunchScreen.storyboard in Resources */,
				E3C761CF0B6007F461B5C09F2FBD4F5B /* Main.storyboard in Resources */,
			);
			runOnlyForDeploymentPostprocessing = 0;
		};
/* End PBXResourcesBuildPhase section */

/* Begin PBXSourcesBuildPhase section */
		5AAFAA58FC4B5042A8B5099E04A40925 /* Sources */ = {
			isa = PBXSourcesBuildPhase;
			buildActionMask = 2147483647;
			files = (
				4C63B5D43BB08DD384738209EAAA7E12 /* AppDelegate.swift in Sources */,
				BE2D9EECBE6A16C5B38AE93E631945C4 /* SceneDelegate.swift in Sources */,
				B2ED85BC991B6AC2E0809FF4161F6EAE /* ViewController.swift in Sources */,
			);
			runOnlyForDeploymentPostprocessing = 0;
		};
/* End PBXSourcesBuildPhase section */

/* Begin PBXVariantGroup section */
		DE820205836EA5A463CBD8C4728918AB /* Main.storyboard */ = {
			isa = PBXVariantGroup;
			children = (
				B2BEBB77E28158A51608A3387E42C7B2 /* Base */,
			);
			name = Main.storyboard;
			sourceTree = "<group>";
		};
		015FB005C4EE36EC2D21DC0AE53D6183 /* LaunchScreen.storyboard */ = {
			isa = PBXVariantGroup;
			children = (
				105485AA152C026EF58E6FAA1B74ED59 /* Base */,
			);
			name = LaunchScreen.storyboard;
			sourceTree = "<group>";
		};
/* End PBXVariantGroup section */

/* Begin XCBuildConfiguration section */
		48690D9B9C41186150714A28CF3B0E70 /* Debug */ = {
			isa = XCBuildConfiguration;
			buildSettings = {
				ALWAYS_SEARCH_USER_PATHS = NO;
				CLANG_ANALYZER_NONNULL = YES;
				CLANG_ANALYZER_NUMBER_OBJECT_CONVERSION = YES_AGGRESSIVE;
				CLANG_CXX_LANGUAGE_STANDARD = "gnu++14";
				CLANG_CXX_LIBRARY = "libc++";
				CLANG_ENABLE_MODULES = YES;
				CLANG_ENABLE_OBJC_ARC = YES;
				CLANG_ENABLE_OBJC_WEAK = YES;
				CLANG_WARN_BLOCK_CAPTURE_AUTORELEASING = YES;
				CLANG_WARN_BOOL_CONVERSION = YES;
				CLANG_WARN_COMMA = YES;
				CLANG_WARN_CONSTANT_CONVERSION = YES;
				CLANG_WARN_DEPRECATED_OBJC_IMPLEMENTATIONS = YES;
				CLANG_WARN_DIRECT_OBJC_ISA_USAGE = YES_ERROR;
				CLANG_WARN_DOCUMENTATION_COMMENTS = YES;
				CLANG_WARN_EMPTY_BODY = YES;
				CLANG_WARN_ENUM_CONVERSION = YES;
				CLANG_WARN_INFINITE_RECURSION = YES;
				CLANG_WARN_INT_CONVERSION = YES;
				CLANG_WARN_NON_LITERAL_NULL_CONVERSION = YES;
				CLANG_WARN_OBJC_IMPLICIT_RETAIN_SELF = YES;
				CLANG_WARN_OBJC_LITERAL_CONVERSION = YES;
				CLANG_WARN_OBJC_ROOT_CLASS = YES_ERROR;
				CLANG_WARN_RANGE_LOOP_ANALYSIS = YES;
				CLANG_WARN_STRICT_PROTOTYPES = YES;
				CLANG_WARN_SUSPICIOUS_MOVE = YES;
				CLANG_WARN_UNGUARDED_AVAILABILITY = YES_AGGRESSIVE;
				CLANG_WARN_UNREACHABLE_CODE = YES;
				CLANG_WARN__DUPLICATE_METHOD_MATCH = YES;
				COPY_PHASE_STRIP = NO;
				DEBUG_INFORMATION_FORMAT = dwarf;
				ENABLE_STRICT_OBJC_MSGSEND = YES;
				ENABLE_TESTABILITY = YES;
				GCC_C_LANGUAGE_STANDARD = gnu11;
				GCC_DYNAMIC_NO_PIC = NO;
				GCC_NO_COMMON_BLOCKS = YES;
				GCC_OPTIMIZATION_LEVEL = 0;
				GCC_PREPROCESSOR_DEFINITIONS = (
					"DEBUG=1",
					"$(inherited)",
				);
				GCC_WARN_64_TO_32_BIT_CONVERSION = YES;
				GCC_WARN_ABOUT_RETURN_TYPE = YES_ERROR;
				GCC_WARN_UNDECLARED_SELECTOR = YES;
				GCC_WARN_UNINITIALIZED_AUTOS = YES_AGGRESSIVE;
				GCC_WARN_UNUSED_FUNCTION = YES;
				GCC_WARN_UNUSED_VARIABLE = YES;
				IPHONEOS_DEPLOYMENT_TARGET = 13.2;
				MTL_ENABLE_DEBUG_INFO = INCLUDE_SOURCE;
				MTL_FAST_MATH = YES;
				ONLY_ACTIVE_ARCH = YES;
				SDKROOT = iphoneos;
				SWIFT_ACTIVE_COMPILATION_CONDITIONS = DEBUG;
				SWIFT_OPTIMIZATION_LEVEL = "-Onone";
			};
			name = Debug;
		};
		08BA6EF1D92063ED315FD38336F8330C /* Release */ = {
			isa = XCBuildConfiguration;
			buildSettings = {
				ALWAYS_SEARCH_USER_PATHS = NO;
				CLANG_ANALYZER_NONNULL = YES;
				CLANG_ANALYZER_NUMBER_OBJECT_CONVERSION = YES_AGGRESSIVE;
				CLANG_CXX_LANGUAGE_STANDARD = "gnu++14";
				CLANG_CXX_LIBRARY = "libc++";
				CLANG_ENABLE_MODULES = YES;
				CLANG_ENABLE_OBJC_ARC = YES;
				CLANG_ENABLE_OBJC_WEAK = YES;
				CLANG_WARN_BLOCK_CAPTURE_AUTORELEASING = YES;
				CLANG_WARN_BOOL_CONVERSION = YES;
				CLANG_WARN_COMMA = YES;
				CLANG_WARN_CONSTANT_CONVERSION = YES;
				CLANG_WARN_DEPRECATED_OBJC_IMPLEMENTATIONS = YES;
				CLANG_WARN_DIRECT_OBJC_ISA_USAGE = YES_ERROR;
				CLANG_WARN_DOCUMENTATION_COMMENTS = YES;
				CLANG_WARN_EMPTY_BODY = YES;
				CLANG_WARN_ENUM_CONVERSION = YES;
				CLANG_WARN_INFINITE_RECURSION = YES;
				CLANG_WARN_INT_CONVERSION = YES;
				CLANG_WARN_NON_LITERAL_NULL_CONVERSION = YES;
				CLANG_WARN_OBJC_IMPLICIT_RETAIN_SELF = YES;
				CLANG_WARN_OBJC_LITERAL_CONVERSION = YES;
				CLANG_WARN_OBJC_ROOT_CLASS = YES_ERROR;
				CLANG_WARN_RANGE_LOOP_ANALYSIS = YES;
				CLANG_WARN_STRICT_PROTOTYPES = YES;
				CLANG_WARN_SUSPICIOUS_MOVE = YES;
				CLANG_WARN_UNGUARDED_AVAILABILITY = YES_AGGRESSIVE;
				CLANG_WARN_UNREACHABLE_CODE = YES;
				CLANG_WARN__DUPLICATE_METHOD_MATCH = YES;
				COPY_PHASE_STRIP = NO;
				DEBUG_INFORMATION_FORMAT = "dwarf-with-dsym";
				ENABLE_NS_ASSERTIONS = NO;
				ENABLE_STRICT_OBJC_MSGSEND = YES;
				GCC_C_LANGUAGE_STANDARD = gnu11;
				GCC_NO_COMMON_BLOCKS = YES;
				GCC_WARN_64_TO_32_BIT_CONVERSION = YES;
				GCC_WARN_ABOUT_RETURN_TYPE = YES_ERROR;
				GCC_WARN_UNDECLARED_SELECTOR = YES;
				GCC_WARN_UNINITIALIZED_AUTOS = YES_AGGRESSIVE;
				GCC_WARN_UNUSED_FUNCTION = YES;
				GCC_WARN_UNUSED_VARIABLE = YES;
				IPHONEOS_DEPLOYMENT_TARGET = 13.2;
				MTL_ENABLE_DEBUG_INFO = NO;
				MTL_FAST_MATH = YES;
				SDKROOT = iphoneos;
				SWIFT_COMPILATION_MODE = wholemodule;
				SWIFT_OPTIMIZATION_LEVEL = "-O";
				VALIDATE_PRODUCT = YES;
			};
			name = Release;
		};
		758DD96FBE919D1E8FFF2FC807537357 /* Debug */ = {
			isa = XCBuildConfiguration;
			buildSettings = {
				ASSETCATALOG_COMPILER_APPICON_NAME = AppIcon;
				CODE_SIGN_STYLE = Automatic;
				DEVELOPMENT_TEAM = JPNBUYVTC7;
				INFOPLIST_FILE = Bookable/Info.plist;
				LD_RUNPATH_SEARCH_PATHS = (
					"$(inherited)",
					"@executable_path/Frameworks",
				);
				PRODUCT_BUNDLE_IDENTIFIER = henry.Bookable;
				PRODUCT_NAME = "$(TARGET_NAME)";
				SWIFT_VERSION = 5.0;
				TARGETED_DEVICE_FAMILY = "1,2";
			};
			name = Debug;
		};
		D218E4F8C6090C0477E6E6C2BA95A13D /* Release */ = {
			isa = XCBuildConfiguration;
			buildSettings = {
				ASSETCATALOG_COMPILER_APPICON_NAME = AppIcon;
				CODE_SIGN_STYLE = Automatic;
				DEVELOPMENT_TEAM = JPNBUYVTC7;
				INFOPLIST_FILE = Bookable/Info.plist;
				LD_RUNPATH_SEARCH_PATHS = (
					"$(inherited)",
					"@executable_path/Frameworks",
				);
				PRODUCT_BUNDLE_IDENTIFIER = henry.Bookable;
				PRODUCT_NAME = "$(TARGET_NAME)";
				SWIFT_VERSION = 5.0;
				TARGETED_DEVICE_FAMILY = "1,2";
			};
			name = Release;
		};
/* End XCBuildConfiguration section */

/* Begin XCConfigurationList section */
		BD00D73121295F5E211B39F5F073A532 /* Build configuration list for PBXProject "Bookable" */ = {
			isa = XCConfigurationList;
			buildConfigurations = (
				48690D9B9C41186150714A28CF3B0E70 /* Debug */,
				08BA6EF1D92063ED315FD38336F8330C /* Release */,
			);
			defaultConfigurationIsVisible = 0;
			defaultConfigurationName = Release;
		};
		EB8B013FE69864322723970F45C1752D /* Build configuration list for PBXNativeTarget "Bookable" */ = {
			isa = XCConfigurationList;
			buildConfigurations = (
				758DD96FBE919D1E8FFF2FC807537357 /* Debug */,
				D218E4F8C6090C0477E6E6C2BA95A13D /* Release */,
			);
			defaultConfigurationIsVisible = 0;
			defaultConfigurationName = Release;
		};
/* End XCConfigurationList section */
	};
	rootObject = 62EDEF1693BBE9C51714B4204E6229E0 /* Project object */;
}
